
Microsoft Visual Studio Solution File, Format Version 12.00
# Visual Studio Version 17
VisualStudioVersion = 17.14.36203.30 d17.14
MinimumVisualStudioVersion = 10.0.40219.1
Project("{FAE04EC0-301F-11D3-BF4B-00C04F79EFBC}") = "LAB 4 HANDS ON", "LAB 4 HANDS ON\LAB 4 HANDS ON.csproj", "{7D83A856-AA4B-4BA1-AB24-20542D93B61B}"
EndProject
Global
	GlobalSection(SolutionConfigurationPlatforms) = preSolution
		Debug|Any CPU = Debug|Any CPU
		Release|Any CPU = Release|Any CPU
	EndGlobalSection
	GlobalSection(ProjectConfigurationPlatforms) = postSolution
		{7D83A856-AA4B-4BA1-AB24-20542D93B61B}.Debug|Any CPU.ActiveCfg = Debug|Any CPU
		{7D83A856-AA4B-4BA1-AB24-20542D93B61B}.Debug|Any CPU.Build.0 = Debug|Any CPU
		{7D83A856-AA4B-4BA1-AB24-20542D93B61B}.Release|Any CPU.ActiveCfg = Release|Any CPU
		{7D83A856-AA4B-4BA1-AB24-20542D93B61B}.Release|Any CPU.Build.0 = Release|Any CPU
	EndGlobalSection
	GlobalSection(SolutionProperties) = preSolution
		HideSolutionNode = FALSE
	EndGlobalSection
	GlobalSection(ExtensibilityGlobals) = postSolution
		SolutionGuid = {435CA5A9-D7C4-4935-ABEC-6D34543FE5C2}
	EndGlobalSection
EndGlobal
